
Microsoft Visual Studio Solution File, Format Version 12.00
# Visual Studio Version 17
VisualStudioVersion = 17.5.33530.505
MinimumVisualStudioVersion = 10.0.40219.1
Project("{FAE04EC0-301F-11D3-BF4B-00C04F79EFBC}") = "AsansorTakip", "AsansorTakip\AsansorTakip.csproj", "{A207DF4F-C49B-4738-8D01-EB4F548452D8}"
EndProject
Project("{2150E333-8FDC-42A3-9474-1A3956D46DE8}") = "Notlar", "Notlar", "{157C2E9F-9233-4F11-B5FF-76D0B278C883}"
	ProjectSection(SolutionItems) = preProject
		TextFile1.txt = TextFile1.txt
	EndProjectSection
EndProject
Global
	GlobalSection(SolutionConfigurationPlatforms) = preSolution
		Debug|Any CPU = Debug|Any CPU
		Release|Any CPU = Release|Any CPU
	EndGlobalSection
	GlobalSection(ProjectConfigurationPlatforms) = postSolution
		{A207DF4F-C49B-4738-8D01-EB4F548452D8}.Debug|Any CPU.ActiveCfg = Debug|Any CPU
		{A207DF4F-C49B-4738-8D01-EB4F548452D8}.Debug|Any CPU.Build.0 = Debug|Any CPU
		{A207DF4F-C49B-4738-8D01-EB4F548452D8}.Release|Any CPU.ActiveCfg = Release|Any CPU
		{A207DF4F-C49B-4738-8D01-EB4F548452D8}.Release|Any CPU.Build.0 = Release|Any CPU
	EndGlobalSection
	GlobalSection(SolutionProperties) = preSolution
		HideSolutionNode = FALSE
	EndGlobalSection
	GlobalSection(ExtensibilityGlobals) = postSolution
		SolutionGuid = {5A14D7C0-BD96-4818-A368-97AAF4FB5651}
	EndGlobalSection
EndGlobal
